// !$*UTF8*$!
{
	archiveVersion = 1;
	classes = {
	};
	objectVersion = 50;
	objects = {

/* Begin PBXBuildFile section */
		B4721B80210A9E4600E38960 /* AppDelegate.swift in Sources */ = {isa = PBXBuildFile; fileRef = B4721B7F210A9E4600E38960 /* AppDelegate.swift */; };
		B4721B82210A9E4600E38960 /* ViewController.swift in Sources */ = {isa = PBXBuildFile; fileRef = B4721B81210A9E4600E38960 /* ViewController.swift */; };
		B4721B85210A9E4600E38960 /* Main.storyboard in Resources */ = {isa = PBXBuildFile; fileRef = B4721B83210A9E4600E38960 /* Main.storyboard */; };
		B4721B87210A9E4800E38960 /* Assets.xcassets in Resources */ = {isa = PBXBuildFile; fileRef = B4721B86210A9E4800E38960 /* Assets.xcassets */; };
		B4721B8A210A9E4800E38960 /* LaunchScreen.storyboard in Resources */ = {isa = PBXBuildFile; fileRef = B4721B88210A9E4800E38960 /* LaunchScreen.storyboard */; };
		B4721B95210A9E4800E38960 /* tumblrBrowserTests.swift in Sources */ = {isa = PBXBuildFile; fileRef = B4721B94210A9E4800E38960 /* tumblrBrowserTests.swift */; };
		B4721BA0210A9E4800E38960 /* tumblrBrowserUITests.swift in Sources */ = {isa = PBXBuildFile; fileRef = B4721B9F210A9E4800E38960 /* tumblrBrowserUITests.swift */; };
/* End PBXBuildFile section */

/* Begin PBXContainerItemProxy section */
		B4721B91210A9E4800E38960 /* PBXContainerItemProxy */ = {
			isa = PBXContainerItemProxy;
			containerPortal = B4721B74210A9E4600E38960 /* Project object */;
			proxyType = 1;
			remoteGlobalIDString = B4721B7B210A9E4600E38960;
			remoteInfo = tumblrBrowser;
		};
		B4721B9C210A9E4800E38960 /* PBXContainerItemProxy */ = {
			isa = PBXContainerItemProxy;
			containerPortal = B4721B74210A9E4600E38960 /* Project object */;
			proxyType = 1;
			remoteGlobalIDString = B4721B7B210A9E4600E38960;
			remoteInfo = tumblrBrowser;
		};
/* End PBXContainerItemProxy section */

/* Begin PBXFileReference section */
		B4721B7C210A9E4600E38960 /* tumblrBrowser.app */ = {isa = PBXFileReference; explicitFileType = wrapper.application; includeInIndex = 0; path = tumblrBrowser.app; sourceTree = BUILT_PRODUCTS_DIR; };
		B4721B7F210A9E4600E38960 /* AppDelegate.swift */ = {isa = PBXFileReference; lastKnownFileType = sourcecode.swift; path = AppDelegate.swift; sourceTree = "<group>"; };
		B4721B81210A9E4600E38960 /* ViewController.swift */ = {isa = PBXFileReference; lastKnownFileType = sourcecode.swift; path = ViewController.swift; sourceTree = "<group>"; };
		B4721B84210A9E4600E38960 /* Base */ = {isa = PBXFileReference; lastKnownFileType = file.storyboard; name = Base; path = Base.lproj/Main.storyboard; sourceTree = "<group>"; };
		B4721B86210A9E4800E38960 /* Assets.xcassets */ = {isa = PBXFileReference; lastKnownFileType = folder.assetcatalog; path = Assets.xcassets; sourceTree = "<group>"; };
		B4721B89210A9E4800E38960 /* Base */ = {isa = PBXFileReference; lastKnownFileType = file.storyboard; name = Base; path = Base.lproj/LaunchScreen.storyboard; sourceTree = "<group>"; };
		B4721B8B210A9E4800E38960 /* Info.plist */ = {isa = PBXFileReference; lastKnownFileType = text.plist.xml; path = Info.plist; sourceTree = "<group>"; };
		B4721B90210A9E4800E38960 /* tumblrBrowserTests.xctest */ = {isa = PBXFileReference; explicitFileType = wrapper.cfbundle; includeInIndex = 0; path = tumblrBrowserTests.xctest; sourceTree = BUILT_PRODUCTS_DIR; };
		B4721B94210A9E4800E38960 /* tumblrBrowserTests.swift */ = {isa = PBXFileReference; lastKnownFileType = sourcecode.swift; path = tumblrBrowserTests.swift; sourceTree = "<group>"; };
		B4721B96210A9E4800E38960 /* Info.plist */ = {isa = PBXFileReference; lastKnownFileType = text.plist.xml; path = Info.plist; sourceTree = "<group>"; };
		B4721B9B210A9E4800E38960 /* tumblrBrowserUITests.xctest */ = {isa = PBXFileReference; explicitFileType = wrapper.cfbundle; includeInIndex = 0; path = tumblrBrowserUITests.xctest; sourceTree = BUILT_PRODUCTS_DIR; };
		B4721B9F210A9E4800E38960 /* tumblrBrowserUITests.swift */ = {isa = PBXFileReference; lastKnownFileType = sourcecode.swift; path = tumblrBrowserUITests.swift; sourceTree = "<group>"; };
		B4721BA1210A9E4800E38960 /* Info.plist */ = {isa = PBXFileReference; lastKnownFileType = text.plist.xml; path = Info.plist; sourceTree = "<group>"; };
/* End PBXFileReference section */

/* Begin PBXFrameworksBuildPhase section */
		B4721B79210A9E4600E38960 /* Frameworks */ = {
			isa = PBXFrameworksBuildPhase;
			buildActionMask = 2147483647;
			files = (
			);
			runOnlyForDeploymentPostprocessing = 0;
		};
		B4721B8D210A9E4800E38960 /* Frameworks */ = {
			isa = PBXFrameworksBuildPhase;
			buildActionMask = 2147483647;
			files = (
			);
			runOnlyForDeploymentPostprocessing = 0;
		};
		B4721B98210A9E4800E38960 /* Frameworks */ = {
			isa = PBXFrameworksBuildPhase;
			buildActionMask = 2147483647;
			files = (
			);
			runOnlyForDeploymentPostprocessing = 0;
		};
/* End PBXFrameworksBuildPhase section */

/* Begin PBXGroup section */
		B4721B73210A9E4600E38960 = {
			isa = PBXGroup;
			children = (
				B4721B7E210A9E4600E38960 /* tumblrBrowser */,
				B4721B93210A9E4800E38960 /* tumblrBrowserTests */,
				B4721B9E210A9E4800E38960 /* tumblrBrowserUITests */,
				B4721B7D210A9E4600E38960 /* Products */,
			);
			sourceTree = "<group>";
		};
		B4721B7D210A9E4600E38960 /* Products */ = {
			isa = PBXGroup;
			children = (
				B4721B7C210A9E4600E38960 /* tumblrBrowser.app */,
				B4721B90210A9E4800E38960 /* tumblrBrowserTests.xctest */,
				B4721B9B210A9E4800E38960 /* tumblrBrowserUITests.xctest */,
			);
			name = Products;
			sourceTree = "<group>";
		};
		B4721B7E210A9E4600E38960 /* tumblrBrowser */ = {
			isa = PBXGroup;
			children = (
				B4721B7F210A9E4600E38960 /* AppDelegate.swift */,
				B4721B81210A9E4600E38960 /* ViewController.swift */,
				B4721B83210A9E4600E38960 /* Main.storyboard */,
				B4721B86210A9E4800E38960 /* Assets.xcassets */,
				B4721B88210A9E4800E38960 /* LaunchScreen.storyboard */,
				B4721B8B210A9E4800E38960 /* Info.plist */,
			);
			path = tumblrBrowser;
			sourceTree = "<group>";
		};
		B4721B93210A9E4800E38960 /* tumblrBrowserTests */ = {
			isa = PBXGroup;
			children = (
				B4721B94210A9E4800E38960 /* tumblrBrowserTests.swift */,
				B4721B96210A9E4800E38960 /* Info.plist */,
			);
			path = tumblrBrowserTests;
			sourceTree = "<group>";
		};
		B4721B9E210A9E4800E38960 /* tumblrBrowserUITests */ = {
			isa = PBXGroup;
			children = (
				B4721B9F210A9E4800E38960 /* tumblrBrowserUITests.swift */,
				B4721BA1210A9E4800E38960 /* Info.plist */,
			);
			path = tumblrBrowserUITests;
			sourceTree = "<group>";
		};
/* End PBXGroup section */

/* Begin PBXNativeTarget section */
		B4721B7B210A9E4600E38960 /* tumblrBrowser */ = {
			isa = PBXNativeTarget;
			buildConfigurationList = B4721BA4210A9E4800E38960 /* Build configuration list for PBXNativeTarget "tumblrBrowser" */;
			buildPhases = (
				B4721B78210A9E4600E38960 /* Sources */,
				B4721B79210A9E4600E38960 /* Frameworks */,
				B4721B7A210A9E4600E38960 /* Resources */,
			);
			buildRules = (
			);
			dependencies = (
			);
			name = tumblrBrowser;
			productName = tumblrBrowser;
			productReference = B4721B7C210A9E4600E38960 /* tumblrBrowser.app */;
			productType = "com.apple.product-type.application";
		};
		B4721B8F210A9E4800E38960 /* tumblrBrowserTests */ = {
			isa = PBXNativeTarget;
			buildConfigurationList = B4721BA7210A9E4800E38960 /* Build configuration list for PBXNativeTarget "tumblrBrowserTests" */;
			buildPhases = (
				B4721B8C210A9E4800E38960 /* Sources */,
				B4721B8D210A9E4800E38960 /* Frameworks */,
				B4721B8E210A9E4800E38960 /* Resources */,
			);
			buildRules = (
			);
			dependencies = (
				B4721B92210A9E4800E38960 /* PBXTargetDependency */,
			);
			name = tumblrBrowserTests;
			productName = tumblrBrowserTests;
			productReference = B4721B90210A9E4800E38960 /* tumblrBrowserTests.xctest */;
			productType = "com.apple.product-type.bundle.unit-test";
		};
		B4721B9A210A9E4800E38960 /* tumblrBrowserUITests */ = {
			isa = PBXNativeTarget;
			buildConfigurationList = B4721BAA210A9E4800E38960 /* Build configuration list for PBXNativeTarget "tumblrBrowserUITests" */;
			buildPhases = (
				B4721B97210A9E4800E38960 /* Sources */,
				B4721B98210A9E4800E38960 /* Frameworks */,
				B4721B99210A9E4800E38960 /* Resources */,
			);
			buildRules = (
			);
			dependencies = (
				B4721B9D210A9E4800E38960 /* PBXTargetDependency */,
			);
			name = tumblrBrowserUITests;
			productName = tumblrBrowserUITests;
			productReference = B4721B9B210A9E4800E38960 /* tumblrBrowserUITests.xctest */;
			productType = "com.apple.product-type.bundle.ui-testing";
		};
/* End PBXNativeTarget section */

/* Begin PBXProject section */
		B4721B74210A9E4600E38960 /* Project object */ = {
			isa = PBXProject;
			attributes = {
				LastSwiftUpdateCheck = 0940;
				LastUpgradeCheck = 0940;
				ORGANIZATIONNAME = "Ioanna Deni";
				TargetAttributes = {
					B4721B7B210A9E4600E38960 = {
						CreatedOnToolsVersion = 9.4.1;
					};
					B4721B8F210A9E4800E38960 = {
						CreatedOnToolsVersion = 9.4.1;
						TestTargetID = B4721B7B210A9E4600E38960;
					};
					B4721B9A210A9E4800E38960 = {
						CreatedOnToolsVersion = 9.4.1;
						TestTargetID = B4721B7B210A9E4600E38960;
					};
				};
			};
			buildConfigurationList = B4721B77210A9E4600E38960 /* Build configuration list for PBXProject "tumblrBrowser" */;
			compatibilityVersion = "Xcode 9.3";
			developmentRegion = en;
			hasScannedForEncodings = 0;
			knownRegions = (
				en,
				Base,
			);
			mainGroup = B4721B73210A9E4600E38960;
			productRefGroup = B4721B7D210A9E4600E38960 /* Products */;
			projectDirPath = "";
			projectRoot = "";
			targets = (
				B4721B7B210A9E4600E38960 /* tumblrBrowser */,
				B4721B8F210A9E4800E38960 /* tumblrBrowserTests */,
				B4721B9A210A9E4800E38960 /* tumblrBrowserUITests */,
			);
		};
/* End PBXProject section */

/* Begin PBXResourcesBuildPhase section */
		B4721B7A210A9E4600E38960 /* Resources */ = {
			isa = PBXResourcesBuildPhase;
			buildActionMask = 2147483647;
			files = (
				B4721B8A210A9E4800E38960 /* LaunchScreen.storyboard in Resources */,
				B4721B87210A9E4800E38960 /* Assets.xcassets in Resources */,
				B4721B85210A9E4600E38960 /* Main.storyboard in Resources */,
			);
			runOnlyForDeploymentPostprocessing = 0;
		};
		B4721B8E210A9E4800E38960 /* Resources */ = {
			isa = PBXResourcesBuildPhase;
			buildActionMask = 2147483647;
			files = (
			);
			runOnlyForDeploymentPostprocessing = 0;
		};
		B4721B99210A9E4800E38960 /* Resources */ = {
			isa = PBXResourcesBuildPhase;
			buildActionMask = 2147483647;
			files = (
			);
			runOnlyForDeploymentPostprocessing = 0;
		};
/* End PBXResourcesBuildPhase section */

/* Begin PBXSourcesBuildPhase section */
		B4721B78210A9E4600E38960 /* Sources */ = {
			isa = PBXSourcesBuildPhase;
			buildActionMask = 2147483647;
			files = (
				B4721B82210A9E4600E38960 /* ViewController.swift in Sources */,
				B4721B80210A9E4600E38960 /* AppDelegate.swift in Sources */,
			);
			runOnlyForDeploymentPostprocessing = 0;
		};
		B4721B8C210A9E4800E38960 /* Sources */ = {
			isa = PBXSourcesBuildPhase;
			buildActionMask = 2147483647;
			files = (
				B4721B95210A9E4800E38960 /* tumblrBrowserTests.swift in Sources */,
			);
			runOnlyForDeploymentPostprocessing = 0;
		};
		B4721B97210A9E4800E38960 /* Sources */ = {
			isa = PBXSourcesBuildPhase;
			buildActionMask = 2147483647;
			files = (
				B4721BA0210A9E4800E38960 /* tumblrBrowserUITests.swift in Sources */,
			);
			runOnlyForDeploymentPostprocessing = 0;
		};
/* End PBXSourcesBuildPhase section */

/* Begin PBXTargetDependency section */
		B4721B92210A9E4800E38960 /* PBXTargetDependency */ = {
			isa = PBXTargetDependency;
			target = B4721B7B210A9E4600E38960 /* tumblrBrowser */;
			targetProxy = B4721B91210A9E4800E38960 /* PBXContainerItemProxy */;
		};
		B4721B9D210A9E4800E38960 /* PBXTargetDependency */ = {
			isa = PBXTargetDependency;
			target = B4721B7B210A9E4600E38960 /* tumblrBrowser */;
			targetProxy = B4721B9C210A9E4800E38960 /* PBXContainerItemProxy */;
		};
/* End PBXTargetDependency section */

/* Begin PBXVariantGroup section */
		B4721B83210A9E4600E38960 /* Main.storyboard */ = {
			isa = PBXVariantGroup;
			children = (
				B4721B84210A9E4600E38960 /* Base */,
			);
			name = Main.storyboard;
			sourceTree = "<group>";
		};
		B4721B88210A9E4800E38960 /* LaunchScreen.storyboard */ = {
			isa = PBXVariantGroup;
			children = (
				B4721B89210A9E4800E38960 /* Base */,
			);
			name = LaunchScreen.storyboard;
			sourceTree = "<group>";
		};
/* End PBXVariantGroup section */

/* Begin XCBuildConfiguration section */
		B4721BA2210A9E4800E38960 /* Debug */ = {
			isa = XCBuildConfiguration;
			buildSettings = {
				ALWAYS_SEARCH_USER_PATHS = NO;
				CLANG_ANALYZER_NONNULL = YES;
				CLANG_ANALYZER_NUMBER_OBJECT_CONVERSION = YES_AGGRESSIVE;
				CLANG_CXX_LANGUAGE_STANDARD = "gnu++14";
				CLANG_CXX_LIBRARY = "libc++";
				CLANG_ENABLE_MODULES = YES;
				CLANG_ENABLE_OBJC_ARC = YES;
				CLANG_ENABLE_OBJC_WEAK = YES;
				CLANG_WARN_BLOCK_CAPTURE_AUTORELEASING = YES;
				CLANG_WARN_BOOL_CONVERSION = YES;
				CLANG_WARN_COMMA = YES;
				CLANG_WARN_CONSTANT_CONVERSION = YES;
				CLANG_WARN_DEPRECATED_OBJC_IMPLEMENTATIONS = YES;
				CLANG_WARN_DIRECT_OBJC_ISA_USAGE = YES_ERROR;
				CLANG_WARN_DOCUMENTATION_COMMENTS = YES;
				CLANG_WARN_EMPTY_BODY = YES;
				CLANG_WARN_ENUM_CONVERSION = YES;
				CLANG_WARN_INFINITE_RECURSION = YES;
				CLANG_WARN_INT_CONVERSION = YES;
				CLANG_WARN_NON_LITERAL_NULL_CONVERSION = YES;
				CLANG_WARN_OBJC_IMPLICIT_RETAIN_SELF = YES;
				CLANG_WARN_OBJC_LITERAL_CONVERSION = YES;
				CLANG_WARN_OBJC_ROOT_CLASS = YES_ERROR;
				CLANG_WARN_RANGE_LOOP_ANALYSIS = YES;
				CLANG_WARN_STRICT_PROTOTYPES = YES;
				CLANG_WARN_SUSPICIOUS_MOVE = YES;
				CLANG_WARN_UNGUARDED_AVAILABILITY = YES_AGGRESSIVE;
				CLANG_WARN_UNREACHABLE_CODE = YES;
				CLANG_WARN__DUPLICATE_METHOD_MATCH = YES;
				CODE_SIGN_IDENTITY = "iPhone Developer";
				COPY_PHASE_STRIP = NO;
				DEBUG_INFORMATION_FORMAT = dwarf;
				ENABLE_STRICT_OBJC_MSGSEND = YES;
				ENABLE_TESTABILITY = YES;
				GCC_C_LANGUAGE_STANDARD = gnu11;
				GCC_DYNAMIC_NO_PIC = NO;
				GCC_NO_COMMON_BLOCKS = YES;
				GCC_OPTIMIZATION_LEVEL = 0;
				GCC_PREPROCESSOR_DEFINITIONS = (
					"DEBUG=1",
					"$(inherited)",
				);
				GCC_WARN_64_TO_32_BIT_CONVERSION = YES;
				GCC_WARN_ABOUT_RETURN_TYPE = YES_ERROR;
				GCC_WARN_UNDECLARED_SELECTOR = YES;
				GCC_WARN_UNINITIALIZED_AUTOS = YES_AGGRESSIVE;
				GCC_WARN_UNUSED_FUNCTION = YES;
				GCC_WARN_UNUSED_VARIABLE = YES;
				IPHONEOS_DEPLOYMENT_TARGET = 11.4;
				MTL_ENABLE_DEBUG_INFO = YES;
				ONLY_ACTIVE_ARCH = YES;
				SDKROOT = iphoneos;
				SWIFT_ACTIVE_COMPILATION_CONDITIONS = DEBUG;
				SWIFT_OPTIMIZATION_LEVEL = "-Onone";
			};
			name = Debug;
		};
		B4721BA3210A9E4800E38960 /* Release */ = {
			isa = XCBuildConfiguration;
			buildSettings = {
				ALWAYS_SEARCH_USER_PATHS = NO;
				CLANG_ANALYZER_NONNULL = YES;
				CLANG_ANALYZER_NUMBER_OBJECT_CONVERSION = YES_AGGRESSIVE;
				CLANG_CXX_LANGUAGE_STANDARD = "gnu++14";
				CLANG_CXX_LIBRARY = "libc++";
				CLANG_ENABLE_MODULES = YES;
				CLANG_ENABLE_OBJC_ARC = YES;
				CLANG_ENABLE_OBJC_WEAK = YES;
				CLANG_WARN_BLOCK_CAPTURE_AUTORELEASING = YES;
				CLANG_WARN_BOOL_CONVERSION = YES;
				CLANG_WARN_COMMA = YES;
				CLANG_WARN_CONSTANT_CONVERSION = YES;
				CLANG_WARN_DEPRECATED_OBJC_IMPLEMENTATIONS = YES;
				CLANG_WARN_DIRECT_OBJC_ISA_USAGE = YES_ERROR;
				CLANG_WARN_DOCUMENTATION_COMMENTS = YES;
				CLANG_WARN_EMPTY_BODY = YES;
				CLANG_WARN_ENUM_CONVERSION = YES;
				CLANG_WARN_INFINITE_RECURSION = YES;
				CLANG_WARN_INT_CONVERSION = YES;
				CLANG_WARN_NON_LITERAL_NULL_CONVERSION = YES;
				CLANG_WARN_OBJC_IMPLICIT_RETAIN_SELF = YES;
				CLANG_WARN_OBJC_LITERAL_CONVERSION = YES;
				CLANG_WARN_OBJC_ROOT_CLASS = YES_ERROR;
				CLANG_WARN_RANGE_LOOP_ANALYSIS = YES;
				CLANG_WARN_STRICT_PROTOTYPES = YES;
				CLANG_WARN_SUSPICIOUS_MOVE = YES;
				CLANG_WARN_UNGUARDED_AVAILABILITY = YES_AGGRESSIVE;
				CLANG_WARN_UNREACHABLE_CODE = YES;
				CLANG_WARN__DUPLICATE_METHOD_MATCH = YES;
				CODE_SIGN_IDENTITY = "iPhone Developer";
				COPY_PHASE_STRIP = NO;
				DEBUG_INFORMATION_FORMAT = "dwarf-with-dsym";
				ENABLE_NS_ASSERTIONS = NO;
				ENABLE_STRICT_OBJC_MSGSEND = YES;
				GCC_C_LANGUAGE_STANDARD = gnu11;
				GCC_NO_COMMON_BLOCKS = YES;
				GCC_WARN_64_TO_32_BIT_CONVERSION = YES;
				GCC_WARN_ABOUT_RETURN_TYPE = YES_ERROR;
				GCC_WARN_UNDECLARED_SELECTOR = YES;
				GCC_WARN_UNINITIALIZED_AUTOS = YES_AGGRESSIVE;
				GCC_WARN_UNUSED_FUNCTION = YES;
				GCC_WARN_UNUSED_VARIABLE = YES;
				IPHONEOS_DEPLOYMENT_TARGET = 11.4;
				MTL_ENABLE_DEBUG_INFO = NO;
				SDKROOT = iphoneos;
				SWIFT_COMPILATION_MODE = wholemodule;
				SWIFT_OPTIMIZATION_LEVEL = "-O";
				VALIDATE_PRODUCT = YES;
			};
			name = Release;
		};
		B4721BA5210A9E4800E38960 /* Debug */ = {
			isa = XCBuildConfiguration;
			buildSettings = {
				ASSETCATALOG_COMPILER_APPICON_NAME = AppIcon;
				CODE_SIGN_STYLE = Automatic;
				INFOPLIST_FILE = tumblrBrowser/Info.plist;
				LD_RUNPATH_SEARCH_PATHS = (
					"$(inherited)",
					"@executable_path/Frameworks",
				);
				PRODUCT_BUNDLE_IDENTIFIER = CodePathMountHolyoke.tumblrBrowser;
				PRODUCT_NAME = "$(TARGET_NAME)";
				SWIFT_VERSION = 4.0;
				TARGETED_DEVICE_FAMILY = "1,2";
			};
			name = Debug;
		};
		B4721BA6210A9E4800E38960 /* Release */ = {
			isa = XCBuildConfiguration;
			buildSettings = {
				ASSETCATALOG_COMPILER_APPICON_NAME = AppIcon;
				CODE_SIGN_STYLE = Automatic;
				INFOPLIST_FILE = tumblrBrowser/Info.plist;
				LD_RUNPATH_SEARCH_PATHS = (
					"$(inherited)",
					"@executable_path/Frameworks",
				);
				PRODUCT_BUNDLE_IDENTIFIER = CodePathMountHolyoke.tumblrBrowser;
				PRODUCT_NAME = "$(TARGET_NAME)";
				SWIFT_VERSION = 4.0;
				TARGETED_DEVICE_FAMILY = "1,2";
			};
			name = Release;
		};
		B4721BA8210A9E4800E38960 /* Debug */ = {
			isa = XCBuildConfiguration;
			buildSettings = {
				ALWAYS_EMBED_SWIFT_STANDARD_LIBRARIES = YES;
				BUNDLE_LOADER = "$(TEST_HOST)";
				CODE_SIGN_STYLE = Automatic;
				INFOPLIST_FILE = tumblrBrowserTests/Info.plist;
				LD_RUNPATH_SEARCH_PATHS = (
					"$(inherited)",
					"@executable_path/Frameworks",
					"@loader_path/Frameworks",
				);
				PRODUCT_BUNDLE_IDENTIFIER = CodePathMountHolyoke.tumblrBrowserTests;
				PRODUCT_NAME = "$(TARGET_NAME)";
				SWIFT_VERSION = 4.0;
				TARGETED_DEVICE_FAMILY = "1,2";
				TEST_HOST = "$(BUILT_PRODUCTS_DIR)/tumblrBrowser.app/tumblrBrowser";
			};
			name = Debug;
		};
		B4721BA9210A9E4800E38960 /* Release */ = {
			isa = XCBuildConfiguration;
			buildSettings = {
				ALWAYS_EMBED_SWIFT_STANDARD_LIBRARIES = YES;
				BUNDLE_LOADER = "$(TEST_HOST)";
				CODE_SIGN_STYLE = Automatic;
				INFOPLIST_FILE = tumblrBrowserTests/Info.plist;
				LD_RUNPATH_SEARCH_PATHS = (
					"$(inherited)",
					"@executable_path/Frameworks",
					"@loader_path/Frameworks",
				);
				PRODUCT_BUNDLE_IDENTIFIER = CodePathMountHolyoke.tumblrBrowserTests;
				PRODUCT_NAME = "$(TARGET_NAME)";
				SWIFT_VERSION = 4.0;
				TARGETED_DEVICE_FAMILY = "1,2";
				TEST_HOST = "$(BUILT_PRODUCTS_DIR)/tumblrBrowser.app/tumblrBrowser";
			};
			name = Release;
		};
		B4721BAB210A9E4800E38960 /* Debug */ = {
			isa = XCBuildConfiguration;
			buildSettings = {
				ALWAYS_EMBED_SWIFT_STANDARD_LIBRARIES = YES;
				CODE_SIGN_STYLE = Automatic;
				INFOPLIST_FILE = tumblrBrowserUITests/Info.plist;
				LD_RUNPATH_SEARCH_PATHS = (
					"$(inherited)",
					"@executable_path/Frameworks",
					"@loader_path/Frameworks",
				);
				PRODUCT_BUNDLE_IDENTIFIER = CodePathMountHolyoke.tumblrBrowserUITests;
				PRODUCT_NAME = "$(TARGET_NAME)";
				SWIFT_VERSION = 4.0;
				TARGETED_DEVICE_FAMILY = "1,2";
				TEST_TARGET_NAME = tumblrBrowser;
			};
			name = Debug;
		};
		B4721BAC210A9E4800E38960 /* Release */ = {
			isa = XCBuildConfiguration;
			buildSettings = {
				ALWAYS_EMBED_SWIFT_STANDARD_LIBRARIES = YES;
				CODE_SIGN_STYLE = Automatic;
				INFOPLIST_FILE = tumblrBrowserUITests/Info.plist;
				LD_RUNPATH_SEARCH_PATHS = (
					"$(inherited)",
					"@executable_path/Frameworks",
					"@loader_path/Frameworks",
				);
				PRODUCT_BUNDLE_IDENTIFIER = CodePathMountHolyoke.tumblrBrowserUITests;
				PRODUCT_NAME = "$(TARGET_NAME)";
				SWIFT_VERSION = 4.0;
				TARGETED_DEVICE_FAMILY = "1,2";
				TEST_TARGET_NAME = tumblrBrowser;
			};
			name = Release;
		};
/* End XCBuildConfiguration section */

/* Begin XCConfigurationList section */
		B4721B77210A9E4600E38960 /* Build configuration list for PBXProject "tumblrBrowser" */ = {
			isa = XCConfigurationList;
			buildConfigurations = (
				B4721BA2210A9E4800E38960 /* Debug */,
				B4721BA3210A9E4800E38960 /* Release */,
			);
			defaultConfigurationIsVisible = 0;
			defaultConfigurationName = Release;
		};
		B4721BA4210A9E4800E38960 /* Build configuration list for PBXNativeTarget "tumblrBrowser" */ = {
			isa = XCConfigurationList;
			buildConfigurations = (
				B4721BA5210A9E4800E38960 /* Debug */,
				B4721BA6210A9E4800E38960 /* Release */,
			);
			defaultConfigurationIsVisible = 0;
			defaultConfigurationName = Release;
		};
		B4721BA7210A9E4800E38960 /* Build configuration list for PBXNativeTarget "tumblrBrowserTests" */ = {
			isa = XCConfigurationList;
			buildConfigurations = (
				B4721BA8210A9E4800E38960 /* Debug */,
				B4721BA9210A9E4800E38960 /* Release */,
			);
			defaultConfigurationIsVisible = 0;
			defaultConfigurationName = Release;
		};
		B4721BAA210A9E4800E38960 /* Build configuration list for PBXNativeTarget "tumblrBrowserUITests" */ = {
			isa = XCConfigurationList;
			buildConfigurations = (
				B4721BAB210A9E4800E38960 /* Debug */,
				B4721BAC210A9E4800E38960 /* Release */,
			);
			defaultConfigurationIsVisible = 0;
			defaultConfigurationName = Release;
		};
/* End XCConfigurationList section */
	};
	rootObject = B4721B74210A9E4600E38960 /* Project object */;
}
